
Microsoft Visual Studio Solution File, Format Version 12.00
# Visual Studio Version 17
VisualStudioVersion = 17.8.34330.188
MinimumVisualStudioVersion = 10.0.40219.1
Project("{FAE04EC0-301F-11D3-BF4B-00C04F79EFBC}") = "Asp.NET", "Asp.NET\Asp.NET.csproj", "{978DA784-4946-4E4F-A113-AAA19AE86655}"
EndProject
Global
	GlobalSection(SolutionConfigurationPlatforms) = preSolution
		Debug|Any CPU = Debug|Any CPU
		Release|Any CPU = Release|Any CPU
	EndGlobalSection
	GlobalSection(ProjectConfigurationPlatforms) = postSolution
		{978DA784-4946-4E4F-A113-AAA19AE86655}.Debug|Any CPU.ActiveCfg = Debug|Any CPU
		{978DA784-4946-4E4F-A113-AAA19AE86655}.Debug|Any CPU.Build.0 = Debug|Any CPU
		{978DA784-4946-4E4F-A113-AAA19AE86655}.Release|Any CPU.ActiveCfg = Release|Any CPU
		{978DA784-4946-4E4F-A113-AAA19AE86655}.Release|Any CPU.Build.0 = Release|Any CPU
	EndGlobalSection
	GlobalSection(SolutionProperties) = preSolution
		HideSolutionNode = FALSE
	EndGlobalSection
	GlobalSection(ExtensibilityGlobals) = postSolution
		SolutionGuid = {1A94633F-4470-4654-AA6A-0FE1AD4A8A91}
	EndGlobalSection
EndGlobal
